---
name: "Update flake.lock"
on:
  workflow_dispatch:  # allows manual triggering
  schedule:
    - cron: '0 12 * * *'  # runs daily at 12:00

jobs:
  lockfile:
    runs-on: ubuntu-latest
    steps:
      - uses: actions/checkout@v4
      - uses: DeterminateSystems/nix-installer-action@bc7b19257469c8029b46f45ac99ecc11156c8b2d # v6
        with:
          extra_nix_config: |
            access-tokens = github.com=${{ secrets.GITHUB_TOKEN }}
      - uses: DeterminateSystems/update-flake-lock@da2fd6f2563fe3e4f2af8be73b864088564e263d # v20